// !$*UTF8*$!
{
	archiveVersion = 1;
	classes = {
	};
	objectVersion = 55;
	objects = {

/* Begin PBXBuildFile section */
		65B2BE8427EEAEB8006E796B /* AppDelegate.swift in Sources */ = {isa = PBXBuildFile; fileRef = 65B2BE8327EEAEB8006E796B /* AppDelegate.swift */; };
		65B2BE8627EEAEB8006E796B /* SceneDelegate.swift in Sources */ = {isa = PBXBuildFile; fileRef = 65B2BE8527EEAEB8006E796B /* SceneDelegate.swift */; };
		65B2BE8827EEAEB8006E796B /* ViewController.swift in Sources */ = {isa = PBXBuildFile; fileRef = 65B2BE8727EEAEB8006E796B /* ViewController.swift */; };
		65B2BE8B27EEAEB8006E796B /* Main.storyboard in Resources */ = {isa = PBXBuildFile; fileRef = 65B2BE8927EEAEB8006E796B /* Main.storyboard */; };
		65B2BE8D27EEAEBA006E796B /* Assets.xcassets in Resources */ = {isa = PBXBuildFile; fileRef = 65B2BE8C27EEAEBA006E796B /* Assets.xcassets */; };
		65B2BE9027EEAEBA006E796B /* LaunchScreen.storyboard in Resources */ = {isa = PBXBuildFile; fileRef = 65B2BE8E27EEAEBA006E796B /* LaunchScreen.storyboard */; };
		65B2BE9827EEAF49006E796B /* GoogleService-Info.plist in Resources */ = {isa = PBXBuildFile; fileRef = 65B2BE9727EEAF49006E796B /* GoogleService-Info.plist */; };
		65B2BE9B27EEB121006E796B /* FirebaseAuth in Frameworks */ = {isa = PBXBuildFile; productRef = 65B2BE9A27EEB121006E796B /* FirebaseAuth */; };
		65B2BE9D27EEB121006E796B /* FirebaseDatabase in Frameworks */ = {isa = PBXBuildFile; productRef = 65B2BE9C27EEB121006E796B /* FirebaseDatabase */; };
/* End PBXBuildFile section */

/* Begin PBXFileReference section */
		65B2BE8027EEAEB8006E796B /* App20220320RealTimeDB.app */ = {isa = PBXFileReference; explicitFileType = wrapper.application; includeInIndex = 0; path = App20220320RealTimeDB.app; sourceTree = BUILT_PRODUCTS_DIR; };
		65B2BE8327EEAEB8006E796B /* AppDelegate.swift */ = {isa = PBXFileReference; lastKnownFileType = sourcecode.swift; path = AppDelegate.swift; sourceTree = "<group>"; };
		65B2BE8527EEAEB8006E796B /* SceneDelegate.swift */ = {isa = PBXFileReference; lastKnownFileType = sourcecode.swift; path = SceneDelegate.swift; sourceTree = "<group>"; };
		65B2BE8727EEAEB8006E796B /* ViewController.swift */ = {isa = PBXFileReference; lastKnownFileType = sourcecode.swift; path = ViewController.swift; sourceTree = "<group>"; };
		65B2BE8A27EEAEB8006E796B /* Base */ = {isa = PBXFileReference; lastKnownFileType = file.storyboard; name = Base; path = Base.lproj/Main.storyboard; sourceTree = "<group>"; };
		65B2BE8C27EEAEBA006E796B /* Assets.xcassets */ = {isa = PBXFileReference; lastKnownFileType = folder.assetcatalog; path = Assets.xcassets; sourceTree = "<group>"; };
		65B2BE8F27EEAEBA006E796B /* Base */ = {isa = PBXFileReference; lastKnownFileType = file.storyboard; name = Base; path = Base.lproj/LaunchScreen.storyboard; sourceTree = "<group>"; };
		65B2BE9127EEAEBA006E796B /* Info.plist */ = {isa = PBXFileReference; lastKnownFileType = text.plist.xml; path = Info.plist; sourceTree = "<group>"; };
		65B2BE9727EEAF49006E796B /* GoogleService-Info.plist */ = {isa = PBXFileReference; fileEncoding = 4; lastKnownFileType = text.plist.xml; path = "GoogleService-Info.plist"; sourceTree = "<group>"; };
/* End PBXFileReference section */

/* Begin PBXFrameworksBuildPhase section */
		65B2BE7D27EEAEB8006E796B /* Frameworks */ = {
			isa = PBXFrameworksBuildPhase;
			buildActionMask = 2147483647;
			files = (
				65B2BE9D27EEB121006E796B /* FirebaseDatabase in Frameworks */,
				65B2BE9B27EEB121006E796B /* FirebaseAuth in Frameworks */,
			);
			runOnlyForDeploymentPostprocessing = 0;
		};
/* End PBXFrameworksBuildPhase section */

/* Begin PBXGroup section */
		65B2BE7727EEAEB8006E796B = {
			isa = PBXGroup;
			children = (
				65B2BE8227EEAEB8006E796B /* App20220320RealTimeDB */,
				65B2BE8127EEAEB8006E796B /* Products */,
			);
			sourceTree = "<group>";
		};
		65B2BE8127EEAEB8006E796B /* Products */ = {
			isa = PBXGroup;
			children = (
				65B2BE8027EEAEB8006E796B /* App20220320RealTimeDB.app */,
			);
			name = Products;
			sourceTree = "<group>";
		};
		65B2BE8227EEAEB8006E796B /* App20220320RealTimeDB */ = {
			isa = PBXGroup;
			children = (
				65B2BE8327EEAEB8006E796B /* AppDelegate.swift */,
				65B2BE8527EEAEB8006E796B /* SceneDelegate.swift */,
				65B2BE8727EEAEB8006E796B /* ViewController.swift */,
				65B2BE8927EEAEB8006E796B /* Main.storyboard */,
				65B2BE8C27EEAEBA006E796B /* Assets.xcassets */,
				65B2BE8E27EEAEBA006E796B /* LaunchScreen.storyboard */,
				65B2BE9127EEAEBA006E796B /* Info.plist */,
				65B2BE9727EEAF49006E796B /* GoogleService-Info.plist */,
			);
			path = App20220320RealTimeDB;
			sourceTree = "<group>";
		};
/* End PBXGroup section */

/* Begin PBXNativeTarget section */
		65B2BE7F27EEAEB8006E796B /* App20220320RealTimeDB */ = {
			isa = PBXNativeTarget;
			buildConfigurationList = 65B2BE9427EEAEBA006E796B /* Build configuration list for PBXNativeTarget "App20220320RealTimeDB" */;
			buildPhases = (
				65B2BE7C27EEAEB8006E796B /* Sources */,
				65B2BE7D27EEAEB8006E796B /* Frameworks */,
				65B2BE7E27EEAEB8006E796B /* Resources */,
			);
			buildRules = (
			);
			dependencies = (
			);
			name = App20220320RealTimeDB;
			packageProductDependencies = (
				65B2BE9A27EEB121006E796B /* FirebaseAuth */,
				65B2BE9C27EEB121006E796B /* FirebaseDatabase */,
			);
			productName = App20220320RealTimeDB;
			productReference = 65B2BE8027EEAEB8006E796B /* App20220320RealTimeDB.app */;
			productType = "com.apple.product-type.application";
		};
/* End PBXNativeTarget section */

/* Begin PBXProject section */
		65B2BE7827EEAEB8006E796B /* Project object */ = {
			isa = PBXProject;
			attributes = {
				BuildIndependentTargetsInParallel = 1;
				LastSwiftUpdateCheck = 1320;
				LastUpgradeCheck = 1320;
				TargetAttributes = {
					65B2BE7F27EEAEB8006E796B = {
						CreatedOnToolsVersion = 13.2.1;
					};
				};
			};
			buildConfigurationList = 65B2BE7B27EEAEB8006E796B /* Build configuration list for PBXProject "App20220320RealTimeDB" */;
			compatibilityVersion = "Xcode 13.0";
			developmentRegion = en;
			hasScannedForEncodings = 0;
			knownRegions = (
				en,
				Base,
			);
			mainGroup = 65B2BE7727EEAEB8006E796B;
			packageReferences = (
				65B2BE9927EEB121006E796B /* XCRemoteSwiftPackageReference "firebase-ios-sdk" */,
			);
			productRefGroup = 65B2BE8127EEAEB8006E796B /* Products */;
			projectDirPath = "";
			projectRoot = "";
			targets = (
				65B2BE7F27EEAEB8006E796B /* App20220320RealTimeDB */,
			);
		};
/* End PBXProject section */

/* Begin PBXResourcesBuildPhase section */
		65B2BE7E27EEAEB8006E796B /* Resources */ = {
			isa = PBXResourcesBuildPhase;
			buildActionMask = 2147483647;
			files = (
				65B2BE9027EEAEBA006E796B /* LaunchScreen.storyboard in Resources */,
				65B2BE9827EEAF49006E796B /* GoogleService-Info.plist in Resources */,
				65B2BE8D27EEAEBA006E796B /* Assets.xcassets in Resources */,
				65B2BE8B27EEAEB8006E796B /* Main.storyboard in Resources */,
			);
			runOnlyForDeploymentPostprocessing = 0;
		};
/* End PBXResourcesBuildPhase section */

/* Begin PBXSourcesBuildPhase section */
		65B2BE7C27EEAEB8006E796B /* Sources */ = {
			isa = PBXSourcesBuildPhase;
			buildActionMask = 2147483647;
			files = (
				65B2BE8827EEAEB8006E796B /* ViewController.swift in Sources */,
				65B2BE8427EEAEB8006E796B /* AppDelegate.swift in Sources */,
				65B2BE8627EEAEB8006E796B /* SceneDelegate.swift in Sources */,
			);
			runOnlyForDeploymentPostprocessing = 0;
		};
/* End PBXSourcesBuildPhase section */

/* Begin PBXVariantGroup section */
		65B2BE8927EEAEB8006E796B /* Main.storyboard */ = {
			isa = PBXVariantGroup;
			children = (
				65B2BE8A27EEAEB8006E796B /* Base */,
			);
			name = Main.storyboard;
			sourceTree = "<group>";
		};
		65B2BE8E27EEAEBA006E796B /* LaunchScreen.storyboard */ = {
			isa = PBXVariantGroup;
			children = (
				65B2BE8F27EEAEBA006E796B /* Base */,
			);
			name = LaunchScreen.storyboard;
			sourceTree = "<group>";
		};
/* End PBXVariantGroup section */

/* Begin XCBuildConfiguration section */
		65B2BE9227EEAEBA006E796B /* Debug */ = {
			isa = XCBuildConfiguration;
			buildSettings = {
				ALWAYS_SEARCH_USER_PATHS = NO;
				CLANG_ANALYZER_NONNULL = YES;
				CLANG_ANALYZER_NUMBER_OBJECT_CONVERSION = YES_AGGRESSIVE;
				CLANG_CXX_LANGUAGE_STANDARD = "gnu++17";
				CLANG_CXX_LIBRARY = "libc++";
				CLANG_ENABLE_MODULES = YES;
				CLANG_ENABLE_OBJC_ARC = YES;
				CLANG_ENABLE_OBJC_WEAK = YES;
				CLANG_WARN_BLOCK_CAPTURE_AUTORELEASING = YES;
				CLANG_WARN_BOOL_CONVERSION = YES;
				CLANG_WARN_COMMA = YES;
				CLANG_WARN_CONSTANT_CONVERSION = YES;
				CLANG_WARN_DEPRECATED_OBJC_IMPLEMENTATIONS = YES;
				CLANG_WARN_DIRECT_OBJC_ISA_USAGE = YES_ERROR;
				CLANG_WARN_DOCUMENTATION_COMMENTS = YES;
				CLANG_WARN_EMPTY_BODY = YES;
				CLANG_WARN_ENUM_CONVERSION = YES;
				CLANG_WARN_INFINITE_RECURSION = YES;
				CLANG_WARN_INT_CONVERSION = YES;
				CLANG_WARN_NON_LITERAL_NULL_CONVERSION = YES;
				CLANG_WARN_OBJC_IMPLICIT_RETAIN_SELF = YES;
				CLANG_WARN_OBJC_LITERAL_CONVERSION = YES;
				CLANG_WARN_OBJC_ROOT_CLASS = YES_ERROR;
				CLANG_WARN_QUOTED_INCLUDE_IN_FRAMEWORK_HEADER = YES;
				CLANG_WARN_RANGE_LOOP_ANALYSIS = YES;
				CLANG_WARN_STRICT_PROTOTYPES = YES;
				CLANG_WARN_SUSPICIOUS_MOVE = YES;
				CLANG_WARN_UNGUARDED_AVAILABILITY = YES_AGGRESSIVE;
				CLANG_WARN_UNREACHABLE_CODE = YES;
				CLANG_WARN__DUPLICATE_METHOD_MATCH = YES;
				COPY_PHASE_STRIP = NO;
				DEBUG_INFORMATION_FORMAT = dwarf;
				ENABLE_STRICT_OBJC_MSGSEND = YES;
				ENABLE_TESTABILITY = YES;
				GCC_C_LANGUAGE_STANDARD = gnu11;
				GCC_DYNAMIC_NO_PIC = NO;
				GCC_NO_COMMON_BLOCKS = YES;
				GCC_OPTIMIZATION_LEVEL = 0;
				GCC_PREPROCESSOR_DEFINITIONS = (
					"DEBUG=1",
					"$(inherited)",
				);
				GCC_WARN_64_TO_32_BIT_CONVERSION = YES;
				GCC_WARN_ABOUT_RETURN_TYPE = YES_ERROR;
				GCC_WARN_UNDECLARED_SELECTOR = YES;
				GCC_WARN_UNINITIALIZED_AUTOS = YES_AGGRESSIVE;
				GCC_WARN_UNUSED_FUNCTION = YES;
				GCC_WARN_UNUSED_VARIABLE = YES;
				IPHONEOS_DEPLOYMENT_TARGET = 15.2;
				MTL_ENABLE_DEBUG_INFO = INCLUDE_SOURCE;
				MTL_FAST_MATH = YES;
				ONLY_ACTIVE_ARCH = YES;
				SDKROOT = iphoneos;
				SWIFT_ACTIVE_COMPILATION_CONDITIONS = DEBUG;
				SWIFT_OPTIMIZATION_LEVEL = "-Onone";
			};
			name = Debug;
		};
		65B2BE9327EEAEBA006E796B /* Release */ = {
			isa = XCBuildConfiguration;
			buildSettings = {
				ALWAYS_SEARCH_USER_PATHS = NO;
				CLANG_ANALYZER_NONNULL = YES;
				CLANG_ANALYZER_NUMBER_OBJECT_CONVERSION = YES_AGGRESSIVE;
				CLANG_CXX_LANGUAGE_STANDARD = "gnu++17";
				CLANG_CXX_LIBRARY = "libc++";
				CLANG_ENABLE_MODULES = YES;
				CLANG_ENABLE_OBJC_ARC = YES;
				CLANG_ENABLE_OBJC_WEAK = YES;
				CLANG_WARN_BLOCK_CAPTURE_AUTORELEASING = YES;
				CLANG_WARN_BOOL_CONVERSION = YES;
				CLANG_WARN_COMMA = YES;
				CLANG_WARN_CONSTANT_CONVERSION = YES;
				CLANG_WARN_DEPRECATED_OBJC_IMPLEMENTATIONS = YES;
				CLANG_WARN_DIRECT_OBJC_ISA_USAGE = YES_ERROR;
				CLANG_WARN_DOCUMENTATION_COMMENTS = YES;
				CLANG_WARN_EMPTY_BODY = YES;
				CLANG_WARN_ENUM_CONVERSION = YES;
				CLANG_WARN_INFINITE_RECURSION = YES;
				CLANG_WARN_INT_CONVERSION = YES;
				CLANG_WARN_NON_LITERAL_NULL_CONVERSION = YES;
				CLANG_WARN_OBJC_IMPLICIT_RETAIN_SELF = YES;
				CLANG_WARN_OBJC_LITERAL_CONVERSION = YES;
				CLANG_WARN_OBJC_ROOT_CLASS = YES_ERROR;
				CLANG_WARN_QUOTED_INCLUDE_IN_FRAMEWORK_HEADER = YES;
				CLANG_WARN_RANGE_LOOP_ANALYSIS = YES;
				CLANG_WARN_STRICT_PROTOTYPES = YES;
				CLANG_WARN_SUSPICIOUS_MOVE = YES;
				CLANG_WARN_UNGUARDED_AVAILABILITY = YES_AGGRESSIVE;
				CLANG_WARN_UNREACHABLE_CODE = YES;
				CLANG_WARN__DUPLICATE_METHOD_MATCH = YES;
				COPY_PHASE_STRIP = NO;
				DEBUG_INFORMATION_FORMAT = "dwarf-with-dsym";
				ENABLE_NS_ASSERTIONS = NO;
				ENABLE_STRICT_OBJC_MSGSEND = YES;
				GCC_C_LANGUAGE_STANDARD = gnu11;
				GCC_NO_COMMON_BLOCKS = YES;
				GCC_WARN_64_TO_32_BIT_CONVERSION = YES;
				GCC_WARN_ABOUT_RETURN_TYPE = YES_ERROR;
				GCC_WARN_UNDECLARED_SELECTOR = YES;
				GCC_WARN_UNINITIALIZED_AUTOS = YES_AGGRESSIVE;
				GCC_WARN_UNUSED_FUNCTION = YES;
				GCC_WARN_UNUSED_VARIABLE = YES;
				IPHONEOS_DEPLOYMENT_TARGET = 15.2;
				MTL_ENABLE_DEBUG_INFO = NO;
				MTL_FAST_MATH = YES;
				SDKROOT = iphoneos;
				SWIFT_COMPILATION_MODE = wholemodule;
				SWIFT_OPTIMIZATION_LEVEL = "-O";
				VALIDATE_PRODUCT = YES;
			};
			name = Release;
		};
		65B2BE9527EEAEBA006E796B /* Debug */ = {
			isa = XCBuildConfiguration;
			buildSettings = {
				ASSETCATALOG_COMPILER_APPICON_NAME = AppIcon;
				ASSETCATALOG_COMPILER_GLOBAL_ACCENT_COLOR_NAME = AccentColor;
				CODE_SIGN_STYLE = Automatic;
				CURRENT_PROJECT_VERSION = 1;
				DEVELOPMENT_TEAM = QGUDE94G9E;
				GENERATE_INFOPLIST_FILE = YES;
				INFOPLIST_FILE = App20220320RealTimeDB/Info.plist;
				INFOPLIST_KEY_UIApplicationSupportsIndirectInputEvents = YES;
				INFOPLIST_KEY_UILaunchStoryboardName = LaunchScreen;
				INFOPLIST_KEY_UIMainStoryboardFile = Main;
				INFOPLIST_KEY_UISupportedInterfaceOrientations_iPad = "UIInterfaceOrientationPortrait UIInterfaceOrientationPortraitUpsideDown UIInterfaceOrientationLandscapeLeft UIInterfaceOrientationLandscapeRight";
				INFOPLIST_KEY_UISupportedInterfaceOrientations_iPhone = "UIInterfaceOrientationPortrait UIInterfaceOrientationLandscapeLeft UIInterfaceOrientationLandscapeRight";
				LD_RUNPATH_SEARCH_PATHS = (
					"$(inherited)",
					"@executable_path/Frameworks",
				);
				MARKETING_VERSION = 1.0;
				PRODUCT_BUNDLE_IDENTIFIER = myyhhuang.com.App20220320RealTimeDB;
				PRODUCT_NAME = "$(TARGET_NAME)";
				SWIFT_EMIT_LOC_STRINGS = YES;
				SWIFT_VERSION = 5.0;
				TARGETED_DEVICE_FAMILY = "1,2";
			};
			name = Debug;
		};
		65B2BE9627EEAEBA006E796B /* Release */ = {
			isa = XCBuildConfiguration;
			buildSettings = {
				ASSETCATALOG_COMPILER_APPICON_NAME = AppIcon;
				ASSETCATALOG_COMPILER_GLOBAL_ACCENT_COLOR_NAME = AccentColor;
				CODE_SIGN_STYLE = Automatic;
				CURRENT_PROJECT_VERSION = 1;
				DEVELOPMENT_TEAM = QGUDE94G9E;
				GENERATE_INFOPLIST_FILE = YES;
				INFOPLIST_FILE = App20220320RealTimeDB/Info.plist;
				INFOPLIST_KEY_UIApplicationSupportsIndirectInputEvents = YES;
				INFOPLIST_KEY_UILaunchStoryboardName = LaunchScreen;
				INFOPLIST_KEY_UIMainStoryboardFile = Main;
				INFOPLIST_KEY_UISupportedInterfaceOrientations_iPad = "UIInterfaceOrientationPortrait UIInterfaceOrientationPortraitUpsideDown UIInterfaceOrientationLandscapeLeft UIInterfaceOrientationLandscapeRight";
				INFOPLIST_KEY_UISupportedInterfaceOrientations_iPhone = "UIInterfaceOrientationPortrait UIInterfaceOrientationLandscapeLeft UIInterfaceOrientationLandscapeRight";
				LD_RUNPATH_SEARCH_PATHS = (
					"$(inherited)",
					"@executable_path/Frameworks",
				);
				MARKETING_VERSION = 1.0;
				PRODUCT_BUNDLE_IDENTIFIER = myyhhuang.com.App20220320RealTimeDB;
				PRODUCT_NAME = "$(TARGET_NAME)";
				SWIFT_EMIT_LOC_STRINGS = YES;
				SWIFT_VERSION = 5.0;
				TARGETED_DEVICE_FAMILY = "1,2";
			};
			name = Release;
		};
/* End XCBuildConfiguration section */

/* Begin XCConfigurationList section */
		65B2BE7B27EEAEB8006E796B /* Build configuration list for PBXProject "App20220320RealTimeDB" */ = {
			isa = XCConfigurationList;
			buildConfigurations = (
				65B2BE9227EEAEBA006E796B /* Debug */,
				65B2BE9327EEAEBA006E796B /* Release */,
			);
			defaultConfigurationIsVisible = 0;
			defaultConfigurationName = Release;
		};
		65B2BE9427EEAEBA006E796B /* Build configuration list for PBXNativeTarget "App20220320RealTimeDB" */ = {
			isa = XCConfigurationList;
			buildConfigurations = (
				65B2BE9527EEAEBA006E796B /* Debug */,
				65B2BE9627EEAEBA006E796B /* Release */,
			);
			defaultConfigurationIsVisible = 0;
			defaultConfigurationName = Release;
		};
/* End XCConfigurationList section */

/* Begin XCRemoteSwiftPackageReference section */
		65B2BE9927EEB121006E796B /* XCRemoteSwiftPackageReference "firebase-ios-sdk" */ = {
			isa = XCRemoteSwiftPackageReference;
			repositoryURL = "https://github.com/firebase/firebase-ios-sdk";
			requirement = {
				kind = upToNextMajorVersion;
				minimumVersion = 8.0.0;
			};
		};
/* End XCRemoteSwiftPackageReference section */

/* Begin XCSwiftPackageProductDependency section */
		65B2BE9A27EEB121006E796B /* FirebaseAuth */ = {
			isa = XCSwiftPackageProductDependency;
			package = 65B2BE9927EEB121006E796B /* XCRemoteSwiftPackageReference "firebase-ios-sdk" */;
			productName = FirebaseAuth;
		};
		65B2BE9C27EEB121006E796B /* FirebaseDatabase */ = {
			isa = XCSwiftPackageProductDependency;
			package = 65B2BE9927EEB121006E796B /* XCRemoteSwiftPackageReference "firebase-ios-sdk" */;
			productName = FirebaseDatabase;
		};
/* End XCSwiftPackageProductDependency section */
	};
	rootObject = 65B2BE7827EEAEB8006E796B /* Project object */;
}
